
Microsoft Visual Studio Solution File, Format Version 12.00
# Visual Studio Version 17
VisualStudioVersion = 17.5.33627.172
MinimumVisualStudioVersion = 10.0.40219.1
Project("{FAE04EC0-301F-11D3-BF4B-00C04F79EFBC}") = "DALToDoLIst", "DALToDoLIst\DALToDoLIst.csproj", "{0DFE8E90-5401-4B5B-9F6C-32E517569644}"
EndProject
Project("{FAE04EC0-301F-11D3-BF4B-00C04F79EFBC}") = "ToDoListWebAPI", "ToDoListWebAPI\ToDoListWebAPI.csproj", "{8BFDD79C-CB22-43D4-806C-EB631F75150D}"
	ProjectSection(ProjectDependencies) = postProject
		{0DFE8E90-5401-4B5B-9F6C-32E517569644} = {0DFE8E90-5401-4B5B-9F6C-32E517569644}
	EndProjectSection
EndProject
Global
	GlobalSection(SolutionConfigurationPlatforms) = preSolution
		Debug|Any CPU = Debug|Any CPU
		Release|Any CPU = Release|Any CPU
	EndGlobalSection
	GlobalSection(ProjectConfigurationPlatforms) = postSolution
		{0DFE8E90-5401-4B5B-9F6C-32E517569644}.Debug|Any CPU.ActiveCfg = Debug|Any CPU
		{0DFE8E90-5401-4B5B-9F6C-32E517569644}.Debug|Any CPU.Build.0 = Debug|Any CPU
		{0DFE8E90-5401-4B5B-9F6C-32E517569644}.Release|Any CPU.ActiveCfg = Release|Any CPU
		{0DFE8E90-5401-4B5B-9F6C-32E517569644}.Release|Any CPU.Build.0 = Release|Any CPU
		{8BFDD79C-CB22-43D4-806C-EB631F75150D}.Debug|Any CPU.ActiveCfg = Debug|Any CPU
		{8BFDD79C-CB22-43D4-806C-EB631F75150D}.Debug|Any CPU.Build.0 = Debug|Any CPU
		{8BFDD79C-CB22-43D4-806C-EB631F75150D}.Release|Any CPU.ActiveCfg = Release|Any CPU
		{8BFDD79C-CB22-43D4-806C-EB631F75150D}.Release|Any CPU.Build.0 = Release|Any CPU
	EndGlobalSection
	GlobalSection(SolutionProperties) = preSolution
		HideSolutionNode = FALSE
	EndGlobalSection
	GlobalSection(ExtensibilityGlobals) = postSolution
		SolutionGuid = {272937F9-D946-4602-A6B4-FC65BF66D446}
	EndGlobalSection
EndGlobal
